
Microsoft Visual Studio Solution File, Format Version 12.00
# Visual Studio 15
VisualStudioVersion = 15.0.28307.329
MinimumVisualStudioVersion = 10.0.40219.1
Project("{FAE04EC0-301F-11D3-BF4B-00C04F79EFBC}") = "d4b", "d4b.csproj", "{BA3C9FF9-D9F8-4E66-9019-269FFC3AEB26}"
EndProject
Global
	GlobalSection(SolutionConfigurationPlatforms) = preSolution
		Debug|Any CPU = Debug|Any CPU
		Release|Any CPU = Release|Any CPU
	EndGlobalSection
	GlobalSection(ProjectConfigurationPlatforms) = postSolution
		{BA3C9FF9-D9F8-4E66-9019-269FFC3AEB26}.Debug|Any CPU.ActiveCfg = Debug|Any CPU
		{BA3C9FF9-D9F8-4E66-9019-269FFC3AEB26}.Debug|Any CPU.Build.0 = Debug|Any CPU
		{BA3C9FF9-D9F8-4E66-9019-269FFC3AEB26}.Release|Any CPU.ActiveCfg = Release|Any CPU
		{BA3C9FF9-D9F8-4E66-9019-269FFC3AEB26}.Release|Any CPU.Build.0 = Release|Any CPU
	EndGlobalSection
	GlobalSection(SolutionProperties) = preSolution
		HideSolutionNode = FALSE
	EndGlobalSection
	GlobalSection(ExtensibilityGlobals) = postSolution
		SolutionGuid = {1B57912E-2819-46E9-9D73-E2AA7B9ACF29}
	EndGlobalSection
EndGlobal
